<?xml version="1.0" encoding="utf-8"?>
<Project ToolsVersion="4.0" xmlns="http://schemas.microsoft.com/developer/msbuild/2003">
  <ItemGroup>
    <Filter Include="Chaos">
      <UniqueIdentifier>{B31CF60C-1F31-1EBE-E8B2-C11D54861AEF}</UniqueIdentifier>
    </Filter>
    <Filter Include="Chaos\Core">
      <UniqueIdentifier>{EB282C8C-D7E0-6DD9-40E8-46352CBF08CA}</UniqueIdentifier>
    </Filter>
    <Filter Include="Chaos\Events">
      <UniqueIdentifier>{3721FC4C-2384-8BF1-CC09-C4A7B84B5774}</UniqueIdentifier>
    </Filter>
    <Filter Include="Platform">
      <UniqueIdentifier>{2AC788B4-1694-E3BF-3FAD-D1672BD9184E}</UniqueIdentifier>
    </Filter>
    <Filter Include="Platform\Windows">
      <UniqueIdentifier>{64FBD71A-50F4-F66C-7926-DCF1657ED678}</UniqueIdentifier>
    </Filter>
  </ItemGroup>
  <ItemGroup>
    <ClInclude Include="src\Chaos.h" />
    <ClInclude Include="src\Chaos\Core\Application.h">
      <Filter>Chaos\Core</Filter>
    </ClInclude>
    <ClInclude Include="src\Chaos\Core\Core.h">
      <Filter>Chaos\Core</Filter>
    </ClInclude>
    <ClInclude Include="src\Chaos\Core\EntryPoint.h">
      <Filter>Chaos\Core</Filter>
    </ClInclude>
    <ClInclude Include="src\Chaos\Core\Log.h">
      <Filter>Chaos\Core</Filter>
    </ClInclude>
    <ClInclude Include="src\Chaos\Core\Window.h">
      <Filter>Chaos\Core</Filter>
    </ClInclude>
    <ClInclude Include="src\Chaos\Events\ApplicationEvent.h">
      <Filter>Chaos\Events</Filter>
    </ClInclude>
    <ClInclude Include="src\Chaos\Events\Event.h">
      <Filter>Chaos\Events</Filter>
    </ClInclude>
    <ClInclude Include="src\Chaos\Events\KeyEvent.h">
      <Filter>Chaos\Events</Filter>
    </ClInclude>
    <ClInclude Include="src\Chaos\Events\MouseEvent.h">
      <Filter>Chaos\Events</Filter>
    </ClInclude>
    <ClInclude Include="src\Platform\Windows\WindowsWindow.h">
      <Filter>Platform\Windows</Filter>
    </ClInclude>
    <ClInclude Include="src\chaospch.h" />
  </ItemGroup>
  <ItemGroup>
    <ClCompile Include="src\Chaos\Core\Application.cpp">
      <Filter>Chaos\Core</Filter>
    </ClCompile>
    <ClCompile Include="src\Chaos\Core\Log.cpp">
      <Filter>Chaos\Core</Filter>
    </ClCompile>
    <ClCompile Include="src\Platform\Windows\WindowsWindow.cpp">
      <Filter>Platform\Windows</Filter>
    </ClCompile>
    <ClCompile Include="src\chaospch.cpp" />
  </ItemGroup>
</Project>