<?xml version="1.0" encoding="utf-8"?>
<Project ToolsVersion="4.0" xmlns="http://schemas.microsoft.com/developer/msbuild/2003">
  <ItemGroup>
    <Filter Include="src">
      <UniqueIdentifier>{2DAB880B-99B4-887C-2230-9F7C8E38947C}</UniqueIdentifier>
    </Filter>
    <Filter Include="src\Chaos">
      <UniqueIdentifier>{0A2BB3B2-7695-6729-BFD3-18CF2B7D457E}</UniqueIdentifier>
    </Filter>
    <Filter Include="src\Chaos\Core">
      <UniqueIdentifier>{A2C532C3-8E93-26C9-7727-97EF6394022E}</UniqueIdentifier>
    </Filter>
    <Filter Include="src\Chaos\Events">
      <UniqueIdentifier>{AEC71C60-9AC0-3BB2-C3F2-2037AF4A1BBE}</UniqueIdentifier>
    </Filter>
    <Filter Include="src\Chaos\Input">
      <UniqueIdentifier>{897AF729-F505-65EE-FE16-E8E26A21C1EE}</UniqueIdentifier>
    </Filter>
    <Filter Include="src\Chaos\Renderer">
      <UniqueIdentifier>{F07968D1-DC5D-2927-45BE-237A31C113A9}</UniqueIdentifier>
    </Filter>
    <Filter Include="src\Platform">
      <UniqueIdentifier>{21CA02E5-0D2D-9289-B6B2-CA3FA2F45D0C}</UniqueIdentifier>
    </Filter>
    <Filter Include="src\Platform\Windows">
      <UniqueIdentifier>{5B054582-4794-CE4B-F0B2-E246DC20DFF1}</UniqueIdentifier>
    </Filter>
    <Filter Include="vendor">
      <UniqueIdentifier>{B3738122-9F15-ACF8-88D0-BF4C74113349}</UniqueIdentifier>
    </Filter>
    <Filter Include="vendor\Vulkan">
      <UniqueIdentifier>{D3F918DF-3FBA-9415-08F5-DD927474D9F1}</UniqueIdentifier>
    </Filter>
    <Filter Include="vendor\Vulkan\include">
      <UniqueIdentifier>{4644207E-B2B0-DB78-7BA4-73D6E7CFFDE0}</UniqueIdentifier>
    </Filter>
    <Filter Include="vendor\Vulkan\include\shaderc">
      <UniqueIdentifier>{2FE75674-9BFF-3D9E-64AC-CD37D083D237}</UniqueIdentifier>
    </Filter>
    <Filter Include="vendor\Vulkan\include\vulkan">
      <UniqueIdentifier>{261B60AE-12D6-4F5A-BB8D-C8A4A7279AEA}</UniqueIdentifier>
    </Filter>
  </ItemGroup>
  <ItemGroup>
    <ClInclude Include="src\Chaos.h">
      <Filter>src</Filter>
    </ClInclude>
    <ClInclude Include="src\Chaos\Core\Application.h">
      <Filter>src\Chaos\Core</Filter>
    </ClInclude>
    <ClInclude Include="src\Chaos\Core\Core.h">
      <Filter>src\Chaos\Core</Filter>
    </ClInclude>
    <ClInclude Include="src\Chaos\Core\EntryPoint.h">
      <Filter>src\Chaos\Core</Filter>
    </ClInclude>
    <ClInclude Include="src\Chaos\Core\Layer.h">
      <Filter>src\Chaos\Core</Filter>
    </ClInclude>
    <ClInclude Include="src\Chaos\Core\LayerStack.h">
      <Filter>src\Chaos\Core</Filter>
    </ClInclude>
    <ClInclude Include="src\Chaos\Core\Log.h">
      <Filter>src\Chaos\Core</Filter>
    </ClInclude>
    <ClInclude Include="src\Chaos\Core\Window.h">
      <Filter>src\Chaos\Core</Filter>
    </ClInclude>
    <ClInclude Include="src\Chaos\Events\ApplicationEvent.h">
      <Filter>src\Chaos\Events</Filter>
    </ClInclude>
    <ClInclude Include="src\Chaos\Events\Event.h">
      <Filter>src\Chaos\Events</Filter>
    </ClInclude>
    <ClInclude Include="src\Chaos\Events\KeyEvent.h">
      <Filter>src\Chaos\Events</Filter>
    </ClInclude>
    <ClInclude Include="src\Chaos\Events\MouseEvent.h">
      <Filter>src\Chaos\Events</Filter>
    </ClInclude>
    <ClInclude Include="src\Chaos\Input\Input.h">
      <Filter>src\Chaos\Input</Filter>
    </ClInclude>
    <ClInclude Include="src\Chaos\Input\KeyCodes.h">
      <Filter>src\Chaos\Input</Filter>
    </ClInclude>
    <ClInclude Include="src\Chaos\Input\MouseCodes.h">
      <Filter>src\Chaos\Input</Filter>
    </ClInclude>
    <ClInclude Include="src\Chaos\Renderer\Renderer.h">
      <Filter>src\Chaos\Renderer</Filter>
    </ClInclude>
    <ClInclude Include="src\Platform\Windows\WindowsInput.h">
      <Filter>src\Platform\Windows</Filter>
    </ClInclude>
    <ClInclude Include="src\Platform\Windows\WindowsWindow.h">
      <Filter>src\Platform\Windows</Filter>
    </ClInclude>
    <ClInclude Include="src\chaospch.h">
      <Filter>src</Filter>
    </ClInclude>
    <ClInclude Include="vendor\Vulkan\include\shaderc\env.h">
      <Filter>vendor\Vulkan\include\shaderc</Filter>
    </ClInclude>
    <ClInclude Include="vendor\Vulkan\include\shaderc\shaderc.h">
      <Filter>vendor\Vulkan\include\shaderc</Filter>
    </ClInclude>
    <ClInclude Include="vendor\Vulkan\include\shaderc\shaderc.hpp">
      <Filter>vendor\Vulkan\include\shaderc</Filter>
    </ClInclude>
    <ClInclude Include="vendor\Vulkan\include\shaderc\status.h">
      <Filter>vendor\Vulkan\include\shaderc</Filter>
    </ClInclude>
    <ClInclude Include="vendor\Vulkan\include\shaderc\visibility.h">
      <Filter>vendor\Vulkan\include\shaderc</Filter>
    </ClInclude>
    <ClInclude Include="vendor\Vulkan\include\vulkan\vk_icd.h">
      <Filter>vendor\Vulkan\include\vulkan</Filter>
    </ClInclude>
    <ClInclude Include="vendor\Vulkan\include\vulkan\vk_layer.h">
      <Filter>vendor\Vulkan\include\vulkan</Filter>
    </ClInclude>
    <ClInclude Include="vendor\Vulkan\include\vulkan\vk_platform.h">
      <Filter>vendor\Vulkan\include\vulkan</Filter>
    </ClInclude>
    <ClInclude Include="vendor\Vulkan\include\vulkan\vk_sdk_platform.h">
      <Filter>vendor\Vulkan\include\vulkan</Filter>
    </ClInclude>
    <ClInclude Include="vendor\Vulkan\include\vulkan\vulkan.h">
      <Filter>vendor\Vulkan\include\vulkan</Filter>
    </ClInclude>
    <ClInclude Include="vendor\Vulkan\include\vulkan\vulkan.hpp">
      <Filter>vendor\Vulkan\include\vulkan</Filter>
    </ClInclude>
    <ClInclude Include="vendor\Vulkan\include\vulkan\vulkan_android.h">
      <Filter>vendor\Vulkan\include\vulkan</Filter>
    </ClInclude>
    <ClInclude Include="vendor\Vulkan\include\vulkan\vulkan_core.h">
      <Filter>vendor\Vulkan\include\vulkan</Filter>
    </ClInclude>
    <ClInclude Include="vendor\Vulkan\include\vulkan\vulkan_fuchsia.h">
      <Filter>vendor\Vulkan\include\vulkan</Filter>
    </ClInclude>
    <ClInclude Include="vendor\Vulkan\include\vulkan\vulkan_ggp.h">
      <Filter>vendor\Vulkan\include\vulkan</Filter>
    </ClInclude>
    <ClInclude Include="vendor\Vulkan\include\vulkan\vulkan_ios.h">
      <Filter>vendor\Vulkan\include\vulkan</Filter>
    </ClInclude>
    <ClInclude Include="vendor\Vulkan\include\vulkan\vulkan_macos.h">
      <Filter>vendor\Vulkan\include\vulkan</Filter>
    </ClInclude>
    <ClInclude Include="vendor\Vulkan\include\vulkan\vulkan_metal.h">
      <Filter>vendor\Vulkan\include\vulkan</Filter>
    </ClInclude>
    <ClInclude Include="vendor\Vulkan\include\vulkan\vulkan_vi.h">
      <Filter>vendor\Vulkan\include\vulkan</Filter>
    </ClInclude>
    <ClInclude Include="vendor\Vulkan\include\vulkan\vulkan_wayland.h">
      <Filter>vendor\Vulkan\include\vulkan</Filter>
    </ClInclude>
    <ClInclude Include="vendor\Vulkan\include\vulkan\vulkan_win32.h">
      <Filter>vendor\Vulkan\include\vulkan</Filter>
    </ClInclude>
    <ClInclude Include="vendor\Vulkan\include\vulkan\vulkan_xcb.h">
      <Filter>vendor\Vulkan\include\vulkan</Filter>
    </ClInclude>
    <ClInclude Include="vendor\Vulkan\include\vulkan\vulkan_xlib.h">
      <Filter>vendor\Vulkan\include\vulkan</Filter>
    </ClInclude>
    <ClInclude Include="vendor\Vulkan\include\vulkan\vulkan_xlib_xrandr.h">
      <Filter>vendor\Vulkan\include\vulkan</Filter>
    </ClInclude>
  </ItemGroup>
  <ItemGroup>
    <ClCompile Include="src\Chaos\Core\Application.cpp">
      <Filter>src\Chaos\Core</Filter>
    </ClCompile>
    <ClCompile Include="src\Chaos\Core\Layer.cpp">
      <Filter>src\Chaos\Core</Filter>
    </ClCompile>
    <ClCompile Include="src\Chaos\Core\LayerStack.cpp">
      <Filter>src\Chaos\Core</Filter>
    </ClCompile>
    <ClCompile Include="src\Chaos\Core\Log.cpp">
      <Filter>src\Chaos\Core</Filter>
    </ClCompile>
    <ClCompile Include="src\Chaos\Renderer\Renderer.cpp">
      <Filter>src\Chaos\Renderer</Filter>
    </ClCompile>
    <ClCompile Include="src\Platform\Windows\WindowsInput.cpp">
      <Filter>src\Platform\Windows</Filter>
    </ClCompile>
    <ClCompile Include="src\Platform\Windows\WindowsWindow.cpp">
      <Filter>src\Platform\Windows</Filter>
    </ClCompile>
    <ClCompile Include="src\chaospch.cpp">
      <Filter>src</Filter>
    </ClCompile>
  </ItemGroup>
</Project>